
Microsoft Visual Studio Solution File, Format Version 12.00
# Visual Studio Version 17
VisualStudioVersion = 17.3.32901.215
MinimumVisualStudioVersion = 10.0.40219.1
Project("{FAE04EC0-301F-11D3-BF4B-00C04F79EFBC}") = "TP5", "TP5\TP5.csproj", "{8CA22F2F-888F-44AD-AD1F-086E8C57CBA5}"
EndProject
Global
	GlobalSection(SolutionConfigurationPlatforms) = preSolution
		Debug|Any CPU = Debug|Any CPU
		Release|Any CPU = Release|Any CPU
	EndGlobalSection
	GlobalSection(ProjectConfigurationPlatforms) = postSolution
		{8CA22F2F-888F-44AD-AD1F-086E8C57CBA5}.Debug|Any CPU.ActiveCfg = Debug|Any CPU
		{8CA22F2F-888F-44AD-AD1F-086E8C57CBA5}.Debug|Any CPU.Build.0 = Debug|Any CPU
		{8CA22F2F-888F-44AD-AD1F-086E8C57CBA5}.Release|Any CPU.ActiveCfg = Release|Any CPU
		{8CA22F2F-888F-44AD-AD1F-086E8C57CBA5}.Release|Any CPU.Build.0 = Release|Any CPU
	EndGlobalSection
	GlobalSection(SolutionProperties) = preSolution
		HideSolutionNode = FALSE
	EndGlobalSection
	GlobalSection(ExtensibilityGlobals) = postSolution
		SolutionGuid = {28C148D4-2788-460A-AEED-8A77113170D1}
	EndGlobalSection
EndGlobal
